
Microsoft Visual Studio Solution File, Format Version 12.00
# Visual Studio Version 17
VisualStudioVersion = 17.4.33213.308
MinimumVisualStudioVersion = 10.0.40219.1
Project("{2150E333-8FDC-42A3-9474-1A3956D46DE8}") = "FrontEnd", "FrontEnd", "{7F11FDD7-B03C-47EF-9E06-637BFA2CF9DA}"
EndProject
Project("{2150E333-8FDC-42A3-9474-1A3956D46DE8}") = "Services", "Services", "{85E2EB76-D76F-4F67-9A5D-9FF97EADD733}"
EndProject
Project("{9A19103F-16F7-4668-BE54-9A1E7A4F7556}") = "FatecLibrary.BookAPI", "FatecLibrary.BookAPI\FatecLibrary.BookAPI.csproj", "{AAB7550F-8A06-4FB2-8A19-1879B7A8071A}"
EndProject
Project("{9A19103F-16F7-4668-BE54-9A1E7A4F7556}") = "FatecLibrary.Web", "FatecLibrary.Web\FatecLibrary.Web.csproj", "{F46DB62B-080B-4263-89D4-EF824D9B446F}"
EndProject
Project("{FAE04EC0-301F-11D3-BF4B-00C04F79EFBC}") = "FatecLibrary.IdentityServer", "FatecLibrary.IdentityServer\FatecLibrary.IdentityServer.csproj", "{EB297485-59F9-40F0-A030-178FD9A8F4AE}"
EndProject
Global
	GlobalSection(SolutionConfigurationPlatforms) = preSolution
		Debug|Any CPU = Debug|Any CPU
		Release|Any CPU = Release|Any CPU
	EndGlobalSection
	GlobalSection(ProjectConfigurationPlatforms) = postSolution
		{AAB7550F-8A06-4FB2-8A19-1879B7A8071A}.Debug|Any CPU.ActiveCfg = Debug|Any CPU
		{AAB7550F-8A06-4FB2-8A19-1879B7A8071A}.Debug|Any CPU.Build.0 = Debug|Any CPU
		{AAB7550F-8A06-4FB2-8A19-1879B7A8071A}.Release|Any CPU.ActiveCfg = Release|Any CPU
		{AAB7550F-8A06-4FB2-8A19-1879B7A8071A}.Release|Any CPU.Build.0 = Release|Any CPU
		{F46DB62B-080B-4263-89D4-EF824D9B446F}.Debug|Any CPU.ActiveCfg = Debug|Any CPU
		{F46DB62B-080B-4263-89D4-EF824D9B446F}.Debug|Any CPU.Build.0 = Debug|Any CPU
		{F46DB62B-080B-4263-89D4-EF824D9B446F}.Release|Any CPU.ActiveCfg = Release|Any CPU
		{F46DB62B-080B-4263-89D4-EF824D9B446F}.Release|Any CPU.Build.0 = Release|Any CPU
		{EB297485-59F9-40F0-A030-178FD9A8F4AE}.Debug|Any CPU.ActiveCfg = Debug|Any CPU
		{EB297485-59F9-40F0-A030-178FD9A8F4AE}.Debug|Any CPU.Build.0 = Debug|Any CPU
		{EB297485-59F9-40F0-A030-178FD9A8F4AE}.Release|Any CPU.ActiveCfg = Release|Any CPU
		{EB297485-59F9-40F0-A030-178FD9A8F4AE}.Release|Any CPU.Build.0 = Release|Any CPU
	EndGlobalSection
	GlobalSection(SolutionProperties) = preSolution
		HideSolutionNode = FALSE
	EndGlobalSection
	GlobalSection(NestedProjects) = preSolution
		{AAB7550F-8A06-4FB2-8A19-1879B7A8071A} = {85E2EB76-D76F-4F67-9A5D-9FF97EADD733}
		{F46DB62B-080B-4263-89D4-EF824D9B446F} = {7F11FDD7-B03C-47EF-9E06-637BFA2CF9DA}
		{EB297485-59F9-40F0-A030-178FD9A8F4AE} = {85E2EB76-D76F-4F67-9A5D-9FF97EADD733}
	EndGlobalSection
	GlobalSection(ExtensibilityGlobals) = postSolution
		SolutionGuid = {F236B5B4-121B-4A8F-89F0-E98BBD31A16F}
	EndGlobalSection
EndGlobal
